
Microsoft Visual Studio Solution File, Format Version 12.00
# Visual Studio Version 16
VisualStudioVersion = 16.0.30907.101
MinimumVisualStudioVersion = 10.0.40219.1
Project("{FAE04EC0-301F-11D3-BF4B-00C04F79EFBC}") = "nz.co.connectedcircuits.eventpublisher", "nz.co.connectedcircuits.eventpublisher.csproj", "{EA3E9FD8-890C-4CB1-AF50-72741DB1477D}"
EndProject
Global
	GlobalSection(SolutionConfigurationPlatforms) = preSolution
		Debug|Any CPU = Debug|Any CPU
		Release|Any CPU = Release|Any CPU
	EndGlobalSection
	GlobalSection(ProjectConfigurationPlatforms) = postSolution
		{EA3E9FD8-890C-4CB1-AF50-72741DB1477D}.Debug|Any CPU.ActiveCfg = Debug|Any CPU
		{EA3E9FD8-890C-4CB1-AF50-72741DB1477D}.Debug|Any CPU.Build.0 = Debug|Any CPU
		{EA3E9FD8-890C-4CB1-AF50-72741DB1477D}.Release|Any CPU.ActiveCfg = Release|Any CPU
		{EA3E9FD8-890C-4CB1-AF50-72741DB1477D}.Release|Any CPU.Build.0 = Release|Any CPU
	EndGlobalSection
	GlobalSection(SolutionProperties) = preSolution
		HideSolutionNode = FALSE
	EndGlobalSection
	GlobalSection(ExtensibilityGlobals) = postSolution
		SolutionGuid = {1176E7FC-2596-4F90-9B07-1EB54ADF0646}
	EndGlobalSection
EndGlobal
